
Microsoft Visual Studio Solution File, Format Version 12.00
# Visual Studio Version 17
VisualStudioVersion = 17.4.33213.308
MinimumVisualStudioVersion = 10.0.40219.1
Project("{FAE04EC0-301F-11D3-BF4B-00C04F79EFBC}") = "DeepSignals", "DeepSignals\DeepSignals.csproj", "{C06FB5D9-7854-4A0D-BD37-34FEBC35DE04}"
EndProject
Global
	GlobalSection(SolutionConfigurationPlatforms) = preSolution
		Debug|Any CPU = Debug|Any CPU
		Release|Any CPU = Release|Any CPU
	EndGlobalSection
	GlobalSection(ProjectConfigurationPlatforms) = postSolution
		{C06FB5D9-7854-4A0D-BD37-34FEBC35DE04}.Debug|Any CPU.ActiveCfg = Debug|Any CPU
		{C06FB5D9-7854-4A0D-BD37-34FEBC35DE04}.Debug|Any CPU.Build.0 = Debug|Any CPU
		{C06FB5D9-7854-4A0D-BD37-34FEBC35DE04}.Release|Any CPU.ActiveCfg = Release|Any CPU
		{C06FB5D9-7854-4A0D-BD37-34FEBC35DE04}.Release|Any CPU.Build.0 = Release|Any CPU
	EndGlobalSection
	GlobalSection(SolutionProperties) = preSolution
		HideSolutionNode = FALSE
	EndGlobalSection
	GlobalSection(ExtensibilityGlobals) = postSolution
		SolutionGuid = {D727F4B9-6566-4F46-97F0-037C42D87B7A}
	EndGlobalSection
EndGlobal
